
Microsoft Visual Studio Solution File, Format Version 12.00
# Visual Studio Version 17
VisualStudioVersion = 17.1.32228.430
MinimumVisualStudioVersion = 10.0.40219.1
Project("{FAE04EC0-301F-11D3-BF4B-00C04F79EFBC}") = "osu!backup", "osu!backup\osu!backup.csproj", "{A06421D4-D2B1-4A8F-99B2-2AA003E2A3C4}"
EndProject
Global
	GlobalSection(SolutionConfigurationPlatforms) = preSolution
		Debug|Any CPU = Debug|Any CPU
		Release|Any CPU = Release|Any CPU
	EndGlobalSection
	GlobalSection(ProjectConfigurationPlatforms) = postSolution
		{A06421D4-D2B1-4A8F-99B2-2AA003E2A3C4}.Debug|Any CPU.ActiveCfg = Debug|Any CPU
		{A06421D4-D2B1-4A8F-99B2-2AA003E2A3C4}.Debug|Any CPU.Build.0 = Debug|Any CPU
		{A06421D4-D2B1-4A8F-99B2-2AA003E2A3C4}.Release|Any CPU.ActiveCfg = Release|Any CPU
		{A06421D4-D2B1-4A8F-99B2-2AA003E2A3C4}.Release|Any CPU.Build.0 = Release|Any CPU
	EndGlobalSection
	GlobalSection(SolutionProperties) = preSolution
		HideSolutionNode = FALSE
	EndGlobalSection
	GlobalSection(ExtensibilityGlobals) = postSolution
		SolutionGuid = {DF6FCDC1-DDE1-4391-AC30-1190AD70D02D}
	EndGlobalSection
EndGlobal
